
Microsoft Visual Studio Solution File, Format Version 12.00
# Visual Studio Version 17
VisualStudioVersion = 17.8.34511.84
MinimumVisualStudioVersion = 10.0.40219.1
Project("{FAE04EC0-301F-11D3-BF4B-00C04F79EFBC}") = "Week15OPPAmdFiles", "Week15OPPAmdFiles\Week15OPPAmdFiles.csproj", "{97064CB4-74C0-4FF4-A634-EE3564E67820}"
EndProject
Global
	GlobalSection(SolutionConfigurationPlatforms) = preSolution
		Debug|Any CPU = Debug|Any CPU
		Release|Any CPU = Release|Any CPU
	EndGlobalSection
	GlobalSection(ProjectConfigurationPlatforms) = postSolution
		{97064CB4-74C0-4FF4-A634-EE3564E67820}.Debug|Any CPU.ActiveCfg = Debug|Any CPU
		{97064CB4-74C0-4FF4-A634-EE3564E67820}.Debug|Any CPU.Build.0 = Debug|Any CPU
		{97064CB4-74C0-4FF4-A634-EE3564E67820}.Release|Any CPU.ActiveCfg = Release|Any CPU
		{97064CB4-74C0-4FF4-A634-EE3564E67820}.Release|Any CPU.Build.0 = Release|Any CPU
	EndGlobalSection
	GlobalSection(SolutionProperties) = preSolution
		HideSolutionNode = FALSE
	EndGlobalSection
	GlobalSection(ExtensibilityGlobals) = postSolution
		SolutionGuid = {C0D43698-6D73-497C-B2C5-BC5346F68241}
	EndGlobalSection
EndGlobal
